
Microsoft Visual Studio Solution File, Format Version 12.00
# Visual Studio Version 17
VisualStudioVersion = 17.0.31903.59
MinimumVisualStudioVersion = 10.0.40219.1
Project("{2150E333-8FDC-42A3-9474-1A3956D46DE8}") = "src", "src", "{827E0CD3-B72D-47B6-A68D-7590B98EB39B}"
EndProject
Project("{FAE04EC0-301F-11D3-BF4B-00C04F79EFBC}") = "NpcManager.Application", "src\NpcManager.Application\NpcManager.Application.csproj", "{02E7B08A-6891-494D-86B7-7DD3252B84F7}"
EndProject
Project("{FAE04EC0-301F-11D3-BF4B-00C04F79EFBC}") = "NpcManager.Domain", "src\NpcManager.Domain\NpcManager.Domain.csproj", "{5BC7D8B1-DC41-4880-B2DD-9B9A68D6D379}"
EndProject
Project("{FAE04EC0-301F-11D3-BF4B-00C04F79EFBC}") = "NpcManager.Assets", "src\NpcManager.Assets\NpcManager.Assets.csproj", "{D0573027-CC79-4A1C-BC40-BCF3E708282D}"
EndProject
Project("{FAE04EC0-301F-11D3-BF4B-00C04F79EFBC}") = "NpcManager.BodyGen", "src\NpcManager.BodyGen\NpcManager.BodyGen.csproj", "{BB236675-E77B-4D1C-B602-91C3FCDFB085}"
EndProject
Project("{FAE04EC0-301F-11D3-BF4B-00C04F79EFBC}") = "NpcManager.Cli", "src\NpcManager.Cli\NpcManager.Cli.csproj", "{DBA91615-0D4A-470D-B384-95EA05EE336B}"
EndProject
Project("{FAE04EC0-301F-11D3-BF4B-00C04F79EFBC}") = "NpcManager.Infrastructure", "src\NpcManager.Infrastructure\NpcManager.Infrastructure.csproj", "{8CB7D456-481D-41CE-B2D0-2E36314DB0E9}"
EndProject
Project("{FAE04EC0-301F-11D3-BF4B-00C04F79EFBC}") = "NpcManager.Desktop", "src\NpcManager.Desktop\NpcManager.Desktop.csproj", "{89C1194B-A252-4434-A866-7CE28FDD6828}"
EndProject
Project("{FAE04EC0-301F-11D3-BF4B-00C04F79EFBC}") = "NpcManager.FaceGen", "src\NpcManager.FaceGen\NpcManager.FaceGen.csproj", "{79049F7D-E2E1-499E-B0A7-A13512BFF246}"
EndProject
Project("{FAE04EC0-301F-11D3-BF4B-00C04F79EFBC}") = "NpcManager.Formats.Bethesda", "src\NpcManager.Formats.Bethesda\NpcManager.Formats.Bethesda.csproj", "{B32E7809-744B-4077-951F-785CA1121B80}"
EndProject
Project("{FAE04EC0-301F-11D3-BF4B-00C04F79EFBC}") = "NpcManager.Presets", "src\NpcManager.Presets\NpcManager.Presets.csproj", "{14DE1E26-B2E2-4420-8250-A7175A32AF5D}"
EndProject
Project("{FAE04EC0-301F-11D3-BF4B-00C04F79EFBC}") = "NpcManager.Rendering", "src\NpcManager.Rendering\NpcManager.Rendering.csproj", "{E7FD5A9F-00F2-42FA-9822-ED4790C108BB}"
EndProject
Project("{FAE04EC0-301F-11D3-BF4B-00C04F79EFBC}") = "NpcManager.Verification", "src\NpcManager.Verification\NpcManager.Verification.csproj", "{46C14AC9-ABF0-471E-A1EB-37ACE38FF6CC}"
EndProject
Project("{2150E333-8FDC-42A3-9474-1A3956D46DE8}") = "tests", "tests", "{0AB3BF05-4346-4AA6-1389-037BE0695223}"
EndProject
Project("{FAE04EC0-301F-11D3-BF4B-00C04F79EFBC}") = "NpcManager.Architecture.Tests", "tests\NpcManager.Architecture.Tests\NpcManager.Architecture.Tests.csproj", "{E0B79C09-D3E5-4A9D-9B18-3B46B313DF79}"
EndProject
Project("{FAE04EC0-301F-11D3-BF4B-00C04F79EFBC}") = "NpcManager.Cli.Tests", "tests\NpcManager.Cli.Tests\NpcManager.Cli.Tests.csproj", "{9C14F45F-AAEE-4C5D-8289-70DC434DBEFA}"
EndProject
Project("{FAE04EC0-301F-11D3-BF4B-00C04F79EFBC}") = "NpcManager.Desktop.Smoke", "tests\NpcManager.Desktop.Smoke\NpcManager.Desktop.Smoke.csproj", "{A537CDD0-C08F-4D9D-A5A7-587E0E034AD2}"
EndProject
Project("{FAE04EC0-301F-11D3-BF4B-00C04F79EFBC}") = "NpcManager.Gate1.Tests", "tests\NpcManager.Gate1.Tests\NpcManager.Gate1.Tests.csproj", "{1394CFD7-D353-4B2F-B409-365E1AD0A2CD}"
EndProject
Project("{FAE04EC0-301F-11D3-BF4B-00C04F79EFBC}") = "NpcManager.Gate2.Tests", "tests\NpcManager.Gate2.Tests\NpcManager.Gate2.Tests.csproj", "{D8218170-50D5-4F76-BB95-E9014B62A7B2}"
EndProject
Project("{FAE04EC0-301F-11D3-BF4B-00C04F79EFBC}") = "NpcManager.Pipeline", "src\NpcManager.Pipeline\NpcManager.Pipeline.csproj", "{A993E683-A401-4187-B817-7E5EA187D19B}"
EndProject
Project("{FAE04EC0-301F-11D3-BF4B-00C04F79EFBC}") = "NpcManager.NpcCreationAppearance.Tests", "tests\NpcManager.NpcCreationAppearance.Tests\NpcManager.NpcCreationAppearance.Tests.csproj", "{4876BF38-101C-45E3-8F59-6A20E06C854B}"
EndProject
Project("{FAE04EC0-301F-11D3-BF4B-00C04F79EFBC}") = "NpcManager.Assets.Tests", "tests\NpcManager.Assets.Tests\NpcManager.Assets.Tests.csproj", "{5F2BE98A-4786-4D66-8758-9681AF3EF4EB}"
EndProject
Project("{FAE04EC0-301F-11D3-BF4B-00C04F79EFBC}") = "NpcManager.BethesdaFaceRouting.Tests", "tests\NpcManager.BethesdaFaceRouting.Tests\NpcManager.BethesdaFaceRouting.Tests.csproj", "{C07055E8-AEA5-4CD7-BB2E-59AC84515B07}"
EndProject
Project("{FAE04EC0-301F-11D3-BF4B-00C04F79EFBC}") = "NpcManager.FaceGeomOrchestration.Tests", "tests\NpcManager.FaceGeomOrchestration.Tests\NpcManager.FaceGeomOrchestration.Tests.csproj", "{6383D618-AC87-48D4-B373-756C3D3ECBF6}"
EndProject
Project("{FAE04EC0-301F-11D3-BF4B-00C04F79EFBC}") = "NpcManager.ReferencePreset.Tests", "tests\NpcManager.ReferencePreset.Tests\NpcManager.ReferencePreset.Tests.csproj", "{05DA1126-6F4F-4EC0-AEB7-03AB0996A3D0}"
EndProject
Project("{FAE04EC0-301F-11D3-BF4B-00C04F79EFBC}") = "NpcManager.FaceGen.Tests", "tests\NpcManager.FaceGen.Tests\NpcManager.FaceGen.Tests.csproj", "{A1C0B420-5F37-4E93-8A2E-3FC0D43D9671}"
EndProject
Project("{FAE04EC0-301F-11D3-BF4B-00C04F79EFBC}") = "NpcManager.Gate2.PipelineIntegration.Tests", "tests\NpcManager.Gate2.PipelineIntegration.Tests\NpcManager.Gate2.PipelineIntegration.Tests.csproj", "{7E4B2A11-93D8-4C61-BB7C-12E0F45A8D29}"
EndProject
Global
	GlobalSection(SolutionConfigurationPlatforms) = preSolution
		Debug|Any CPU = Debug|Any CPU
		Debug|x64 = Debug|x64
		Debug|x86 = Debug|x86
		Release|Any CPU = Release|Any CPU
		Release|x64 = Release|x64
		Release|x86 = Release|x86
	EndGlobalSection
	GlobalSection(ProjectConfigurationPlatforms) = postSolution
		{02E7B08A-6891-494D-86B7-7DD3252B84F7}.Debug|Any CPU.ActiveCfg = Debug|Any CPU
		{02E7B08A-6891-494D-86B7-7DD3252B84F7}.Debug|Any CPU.Build.0 = Debug|Any CPU
		{02E7B08A-6891-494D-86B7-7DD3252B84F7}.Debug|x64.ActiveCfg = Debug|Any CPU
		{02E7B08A-6891-494D-86B7-7DD3252B84F7}.Debug|x64.Build.0 = Debug|Any CPU
		{02E7B08A-6891-494D-86B7-7DD3252B84F7}.Debug|x86.ActiveCfg = Debug|Any CPU
		{02E7B08A-6891-494D-86B7-7DD3252B84F7}.Debug|x86.Build.0 = Debug|Any CPU
		{02E7B08A-6891-494D-86B7-7DD3252B84F7}.Release|Any CPU.ActiveCfg = Release|Any CPU
		{02E7B08A-6891-494D-86B7-7DD3252B84F7}.Release|Any CPU.Build.0 = Release|Any CPU
		{02E7B08A-6891-494D-86B7-7DD3252B84F7}.Release|x64.ActiveCfg = Release|Any CPU
		{02E7B08A-6891-494D-86B7-7DD3252B84F7}.Release|x64.Build.0 = Release|Any CPU
		{02E7B08A-6891-494D-86B7-7DD3252B84F7}.Release|x86.ActiveCfg = Release|Any CPU
		{02E7B08A-6891-494D-86B7-7DD3252B84F7}.Release|x86.Build.0 = Release|Any CPU
		{5BC7D8B1-DC41-4880-B2DD-9B9A68D6D379}.Debug|Any CPU.ActiveCfg = Debug|Any CPU
		{5BC7D8B1-DC41-4880-B2DD-9B9A68D6D379}.Debug|Any CPU.Build.0 = Debug|Any CPU
		{5BC7D8B1-DC41-4880-B2DD-9B9A68D6D379}.Debug|x64.ActiveCfg = Debug|Any CPU
		{5BC7D8B1-DC41-4880-B2DD-9B9A68D6D379}.Debug|x64.Build.0 = Debug|Any CPU
		{5BC7D8B1-DC41-4880-B2DD-9B9A68D6D379}.Debug|x86.ActiveCfg = Debug|Any CPU
		{5BC7D8B1-DC41-4880-B2DD-9B9A68D6D379}.Debug|x86.Build.0 = Debug|Any CPU
		{5BC7D8B1-DC41-4880-B2DD-9B9A68D6D379}.Release|Any CPU.ActiveCfg = Release|Any CPU
		{5BC7D8B1-DC41-4880-B2DD-9B9A68D6D379}.Release|Any CPU.Build.0 = Release|Any CPU
		{5BC7D8B1-DC41-4880-B2DD-9B9A68D6D379}.Release|x64.ActiveCfg = Release|Any CPU
		{5BC7D8B1-DC41-4880-B2DD-9B9A68D6D379}.Release|x64.Build.0 = Release|Any CPU
		{5BC7D8B1-DC41-4880-B2DD-9B9A68D6D379}.Release|x86.ActiveCfg = Release|Any CPU
		{5BC7D8B1-DC41-4880-B2DD-9B9A68D6D379}.Release|x86.Build.0 = Release|Any CPU
		{D0573027-CC79-4A1C-BC40-BCF3E708282D}.Debug|Any CPU.ActiveCfg = Debug|Any CPU
		{D0573027-CC79-4A1C-BC40-BCF3E708282D}.Debug|Any CPU.Build.0 = Debug|Any CPU
		{D0573027-CC79-4A1C-BC40-BCF3E708282D}.Debug|x64.ActiveCfg = Debug|Any CPU
		{D0573027-CC79-4A1C-BC40-BCF3E708282D}.Debug|x64.Build.0 = Debug|Any CPU
		{D0573027-CC79-4A1C-BC40-BCF3E708282D}.Debug|x86.ActiveCfg = Debug|Any CPU
		{D0573027-CC79-4A1C-BC40-BCF3E708282D}.Debug|x86.Build.0 = Debug|Any CPU
		{D0573027-CC79-4A1C-BC40-BCF3E708282D}.Release|Any CPU.ActiveCfg = Release|Any CPU
		{D0573027-CC79-4A1C-BC40-BCF3E708282D}.Release|Any CPU.Build.0 = Release|Any CPU
		{D0573027-CC79-4A1C-BC40-BCF3E708282D}.Release|x64.ActiveCfg = Release|Any CPU
		{D0573027-CC79-4A1C-BC40-BCF3E708282D}.Release|x64.Build.0 = Release|Any CPU
		{D0573027-CC79-4A1C-BC40-BCF3E708282D}.Release|x86.ActiveCfg = Release|Any CPU
		{D0573027-CC79-4A1C-BC40-BCF3E708282D}.Release|x86.Build.0 = Release|Any CPU
		{BB236675-E77B-4D1C-B602-91C3FCDFB085}.Debug|Any CPU.ActiveCfg = Debug|Any CPU
		{BB236675-E77B-4D1C-B602-91C3FCDFB085}.Debug|Any CPU.Build.0 = Debug|Any CPU
		{BB236675-E77B-4D1C-B602-91C3FCDFB085}.Debug|x64.ActiveCfg = Debug|Any CPU
		{BB236675-E77B-4D1C-B602-91C3FCDFB085}.Debug|x64.Build.0 = Debug|Any CPU
		{BB236675-E77B-4D1C-B602-91C3FCDFB085}.Debug|x86.ActiveCfg = Debug|Any CPU
		{BB236675-E77B-4D1C-B602-91C3FCDFB085}.Debug|x86.Build.0 = Debug|Any CPU
		{BB236675-E77B-4D1C-B602-91C3FCDFB085}.Release|Any CPU.ActiveCfg = Release|Any CPU
		{BB236675-E77B-4D1C-B602-91C3FCDFB085}.Release|Any CPU.Build.0 = Release|Any CPU
		{BB236675-E77B-4D1C-B602-91C3FCDFB085}.Release|x64.ActiveCfg = Release|Any CPU
		{BB236675-E77B-4D1C-B602-91C3FCDFB085}.Release|x64.Build.0 = Release|Any CPU
		{BB236675-E77B-4D1C-B602-91C3FCDFB085}.Release|x86.ActiveCfg = Release|Any CPU
		{BB236675-E77B-4D1C-B602-91C3FCDFB085}.Release|x86.Build.0 = Release|Any CPU
		{DBA91615-0D4A-470D-B384-95EA05EE336B}.Debug|Any CPU.ActiveCfg = Debug|Any CPU
		{DBA91615-0D4A-470D-B384-95EA05EE336B}.Debug|Any CPU.Build.0 = Debug|Any CPU
		{DBA91615-0D4A-470D-B384-95EA05EE336B}.Debug|x64.ActiveCfg = Debug|Any CPU
		{DBA91615-0D4A-470D-B384-95EA05EE336B}.Debug|x64.Build.0 = Debug|Any CPU
		{DBA91615-0D4A-470D-B384-95EA05EE336B}.Debug|x86.ActiveCfg = Debug|Any CPU
		{DBA91615-0D4A-470D-B384-95EA05EE336B}.Debug|x86.Build.0 = Debug|Any CPU
		{DBA91615-0D4A-470D-B384-95EA05EE336B}.Release|Any CPU.ActiveCfg = Release|Any CPU
		{DBA91615-0D4A-470D-B384-95EA05EE336B}.Release|Any CPU.Build.0 = Release|Any CPU
		{DBA91615-0D4A-470D-B384-95EA05EE336B}.Release|x64.ActiveCfg = Release|Any CPU
		{DBA91615-0D4A-470D-B384-95EA05EE336B}.Release|x64.Build.0 = Release|Any CPU
		{DBA91615-0D4A-470D-B384-95EA05EE336B}.Release|x86.ActiveCfg = Release|Any CPU
		{DBA91615-0D4A-470D-B384-95EA05EE336B}.Release|x86.Build.0 = Release|Any CPU
		{8CB7D456-481D-41CE-B2D0-2E36314DB0E9}.Debug|Any CPU.ActiveCfg = Debug|Any CPU
		{8CB7D456-481D-41CE-B2D0-2E36314DB0E9}.Debug|Any CPU.Build.0 = Debug|Any CPU
		{8CB7D456-481D-41CE-B2D0-2E36314DB0E9}.Debug|x64.ActiveCfg = Debug|Any CPU
		{8CB7D456-481D-41CE-B2D0-2E36314DB0E9}.Debug|x64.Build.0 = Debug|Any CPU
		{8CB7D456-481D-41CE-B2D0-2E36314DB0E9}.Debug|x86.ActiveCfg = Debug|Any CPU
		{8CB7D456-481D-41CE-B2D0-2E36314DB0E9}.Debug|x86.Build.0 = Debug|Any CPU
		{8CB7D456-481D-41CE-B2D0-2E36314DB0E9}.Release|Any CPU.ActiveCfg = Release|Any CPU
		{8CB7D456-481D-41CE-B2D0-2E36314DB0E9}.Release|Any CPU.Build.0 = Release|Any CPU
		{8CB7D456-481D-41CE-B2D0-2E36314DB0E9}.Release|x64.ActiveCfg = Release|Any CPU
		{8CB7D456-481D-41CE-B2D0-2E36314DB0E9}.Release|x64.Build.0 = Release|Any CPU
		{8CB7D456-481D-41CE-B2D0-2E36314DB0E9}.Release|x86.ActiveCfg = Release|Any CPU
		{8CB7D456-481D-41CE-B2D0-2E36314DB0E9}.Release|x86.Build.0 = Release|Any CPU
		{89C1194B-A252-4434-A866-7CE28FDD6828}.Debug|Any CPU.ActiveCfg = Debug|Any CPU
		{89C1194B-A252-4434-A866-7CE28FDD6828}.Debug|Any CPU.Build.0 = Debug|Any CPU
		{89C1194B-A252-4434-A866-7CE28FDD6828}.Debug|x64.ActiveCfg = Debug|Any CPU
		{89C1194B-A252-4434-A866-7CE28FDD6828}.Debug|x64.Build.0 = Debug|Any CPU
		{89C1194B-A252-4434-A866-7CE28FDD6828}.Debug|x86.ActiveCfg = Debug|Any CPU
		{89C1194B-A252-4434-A866-7CE28FDD6828}.Debug|x86.Build.0 = Debug|Any CPU
		{89C1194B-A252-4434-A866-7CE28FDD6828}.Release|Any CPU.ActiveCfg = Release|Any CPU
		{89C1194B-A252-4434-A866-7CE28FDD6828}.Release|Any CPU.Build.0 = Release|Any CPU
		{89C1194B-A252-4434-A866-7CE28FDD6828}.Release|x64.ActiveCfg = Release|Any CPU
		{89C1194B-A252-4434-A866-7CE28FDD6828}.Release|x64.Build.0 = Release|Any CPU
		{89C1194B-A252-4434-A866-7CE28FDD6828}.Release|x86.ActiveCfg = Release|Any CPU
		{89C1194B-A252-4434-A866-7CE28FDD6828}.Release|x86.Build.0 = Release|Any CPU
		{79049F7D-E2E1-499E-B0A7-A13512BFF246}.Debug|Any CPU.ActiveCfg = Debug|Any CPU
		{79049F7D-E2E1-499E-B0A7-A13512BFF246}.Debug|Any CPU.Build.0 = Debug|Any CPU
		{79049F7D-E2E1-499E-B0A7-A13512BFF246}.Debug|x64.ActiveCfg = Debug|Any CPU
		{79049F7D-E2E1-499E-B0A7-A13512BFF246}.Debug|x64.Build.0 = Debug|Any CPU
		{79049F7D-E2E1-499E-B0A7-A13512BFF246}.Debug|x86.ActiveCfg = Debug|Any CPU
		{79049F7D-E2E1-499E-B0A7-A13512BFF246}.Debug|x86.Build.0 = Debug|Any CPU
		{79049F7D-E2E1-499E-B0A7-A13512BFF246}.Release|Any CPU.ActiveCfg = Release|Any CPU
		{79049F7D-E2E1-499E-B0A7-A13512BFF246}.Release|Any CPU.Build.0 = Release|Any CPU
		{79049F7D-E2E1-499E-B0A7-A13512BFF246}.Release|x64.ActiveCfg = Release|Any CPU
		{79049F7D-E2E1-499E-B0A7-A13512BFF246}.Release|x64.Build.0 = Release|Any CPU
		{79049F7D-E2E1-499E-B0A7-A13512BFF246}.Release|x86.ActiveCfg = Release|Any CPU
		{79049F7D-E2E1-499E-B0A7-A13512BFF246}.Release|x86.Build.0 = Release|Any CPU
		{B32E7809-744B-4077-951F-785CA1121B80}.Debug|Any CPU.ActiveCfg = Debug|Any CPU
		{B32E7809-744B-4077-951F-785CA1121B80}.Debug|Any CPU.Build.0 = Debug|Any CPU
		{B32E7809-744B-4077-951F-785CA1121B80}.Debug|x64.ActiveCfg = Debug|Any CPU
		{B32E7809-744B-4077-951F-785CA1121B80}.Debug|x64.Build.0 = Debug|Any CPU
		{B32E7809-744B-4077-951F-785CA1121B80}.Debug|x86.ActiveCfg = Debug|Any CPU
		{B32E7809-744B-4077-951F-785CA1121B80}.Debug|x86.Build.0 = Debug|Any CPU
		{B32E7809-744B-4077-951F-785CA1121B80}.Release|Any CPU.ActiveCfg = Release|Any CPU
		{B32E7809-744B-4077-951F-785CA1121B80}.Release|Any CPU.Build.0 = Release|Any CPU
		{B32E7809-744B-4077-951F-785CA1121B80}.Release|x64.ActiveCfg = Release|Any CPU
		{B32E7809-744B-4077-951F-785CA1121B80}.Release|x64.Build.0 = Release|Any CPU
		{B32E7809-744B-4077-951F-785CA1121B80}.Release|x86.ActiveCfg = Release|Any CPU
		{B32E7809-744B-4077-951F-785CA1121B80}.Release|x86.Build.0 = Release|Any CPU
		{14DE1E26-B2E2-4420-8250-A7175A32AF5D}.Debug|Any CPU.ActiveCfg = Debug|Any CPU
		{14DE1E26-B2E2-4420-8250-A7175A32AF5D}.Debug|Any CPU.Build.0 = Debug|Any CPU
		{14DE1E26-B2E2-4420-8250-A7175A32AF5D}.Debug|x64.ActiveCfg = Debug|Any CPU
		{14DE1E26-B2E2-4420-8250-A7175A32AF5D}.Debug|x64.Build.0 = Debug|Any CPU
		{14DE1E26-B2E2-4420-8250-A7175A32AF5D}.Debug|x86.ActiveCfg = Debug|Any CPU
		{14DE1E26-B2E2-4420-8250-A7175A32AF5D}.Debug|x86.Build.0 = Debug|Any CPU
		{14DE1E26-B2E2-4420-8250-A7175A32AF5D}.Release|Any CPU.ActiveCfg = Release|Any CPU
		{14DE1E26-B2E2-4420-8250-A7175A32AF5D}.Release|Any CPU.Build.0 = Release|Any CPU
		{14DE1E26-B2E2-4420-8250-A7175A32AF5D}.Release|x64.ActiveCfg = Release|Any CPU
		{14DE1E26-B2E2-4420-8250-A7175A32AF5D}.Release|x64.Build.0 = Release|Any CPU
		{14DE1E26-B2E2-4420-8250-A7175A32AF5D}.Release|x86.ActiveCfg = Release|Any CPU
		{14DE1E26-B2E2-4420-8250-A7175A32AF5D}.Release|x86.Build.0 = Release|Any CPU
		{E7FD5A9F-00F2-42FA-9822-ED4790C108BB}.Debug|Any CPU.ActiveCfg = Debug|Any CPU
		{E7FD5A9F-00F2-42FA-9822-ED4790C108BB}.Debug|Any CPU.Build.0 = Debug|Any CPU
		{E7FD5A9F-00F2-42FA-9822-ED4790C108BB}.Debug|x64.ActiveCfg = Debug|Any CPU
		{E7FD5A9F-00F2-42FA-9822-ED4790C108BB}.Debug|x64.Build.0 = Debug|Any CPU
		{E7FD5A9F-00F2-42FA-9822-ED4790C108BB}.Debug|x86.ActiveCfg = Debug|Any CPU
		{E7FD5A9F-00F2-42FA-9822-ED4790C108BB}.Debug|x86.Build.0 = Debug|Any CPU
		{E7FD5A9F-00F2-42FA-9822-ED4790C108BB}.Release|Any CPU.ActiveCfg = Release|Any CPU
		{E7FD5A9F-00F2-42FA-9822-ED4790C108BB}.Release|Any CPU.Build.0 = Release|Any CPU
		{E7FD5A9F-00F2-42FA-9822-ED4790C108BB}.Release|x64.ActiveCfg = Release|Any CPU
		{E7FD5A9F-00F2-42FA-9822-ED4790C108BB}.Release|x64.Build.0 = Release|Any CPU
		{E7FD5A9F-00F2-42FA-9822-ED4790C108BB}.Release|x86.ActiveCfg = Release|Any CPU
		{E7FD5A9F-00F2-42FA-9822-ED4790C108BB}.Release|x86.Build.0 = Release|Any CPU
		{46C14AC9-ABF0-471E-A1EB-37ACE38FF6CC}.Debug|Any CPU.ActiveCfg = Debug|Any CPU
		{46C14AC9-ABF0-471E-A1EB-37ACE38FF6CC}.Debug|Any CPU.Build.0 = Debug|Any CPU
		{46C14AC9-ABF0-471E-A1EB-37ACE38FF6CC}.Debug|x64.ActiveCfg = Debug|Any CPU
		{46C14AC9-ABF0-471E-A1EB-37ACE38FF6CC}.Debug|x64.Build.0 = Debug|Any CPU
		{46C14AC9-ABF0-471E-A1EB-37ACE38FF6CC}.Debug|x86.ActiveCfg = Debug|Any CPU
		{46C14AC9-ABF0-471E-A1EB-37ACE38FF6CC}.Debug|x86.Build.0 = Debug|Any CPU
		{46C14AC9-ABF0-471E-A1EB-37ACE38FF6CC}.Release|Any CPU.ActiveCfg = Release|Any CPU
		{46C14AC9-ABF0-471E-A1EB-37ACE38FF6CC}.Release|Any CPU.Build.0 = Release|Any CPU
		{46C14AC9-ABF0-471E-A1EB-37ACE38FF6CC}.Release|x64.ActiveCfg = Release|Any CPU
		{46C14AC9-ABF0-471E-A1EB-37ACE38FF6CC}.Release|x64.Build.0 = Release|Any CPU
		{46C14AC9-ABF0-471E-A1EB-37ACE38FF6CC}.Release|x86.ActiveCfg = Release|Any CPU
		{46C14AC9-ABF0-471E-A1EB-37ACE38FF6CC}.Release|x86.Build.0 = Release|Any CPU
		{E0B79C09-D3E5-4A9D-9B18-3B46B313DF79}.Debug|Any CPU.ActiveCfg = Debug|Any CPU
		{E0B79C09-D3E5-4A9D-9B18-3B46B313DF79}.Debug|Any CPU.Build.0 = Debug|Any CPU
		{E0B79C09-D3E5-4A9D-9B18-3B46B313DF79}.Debug|x64.ActiveCfg = Debug|Any CPU
		{E0B79C09-D3E5-4A9D-9B18-3B46B313DF79}.Debug|x64.Build.0 = Debug|Any CPU
		{E0B79C09-D3E5-4A9D-9B18-3B46B313DF79}.Debug|x86.ActiveCfg = Debug|Any CPU
		{E0B79C09-D3E5-4A9D-9B18-3B46B313DF79}.Debug|x86.Build.0 = Debug|Any CPU
		{E0B79C09-D3E5-4A9D-9B18-3B46B313DF79}.Release|Any CPU.ActiveCfg = Release|Any CPU
		{E0B79C09-D3E5-4A9D-9B18-3B46B313DF79}.Release|Any CPU.Build.0 = Release|Any CPU
		{E0B79C09-D3E5-4A9D-9B18-3B46B313DF79}.Release|x64.ActiveCfg = Release|Any CPU
		{E0B79C09-D3E5-4A9D-9B18-3B46B313DF79}.Release|x64.Build.0 = Release|Any CPU
		{E0B79C09-D3E5-4A9D-9B18-3B46B313DF79}.Release|x86.ActiveCfg = Release|Any CPU
		{E0B79C09-D3E5-4A9D-9B18-3B46B313DF79}.Release|x86.Build.0 = Release|Any CPU
		{9C14F45F-AAEE-4C5D-8289-70DC434DBEFA}.Debug|Any CPU.ActiveCfg = Debug|Any CPU
		{9C14F45F-AAEE-4C5D-8289-70DC434DBEFA}.Debug|Any CPU.Build.0 = Debug|Any CPU
		{9C14F45F-AAEE-4C5D-8289-70DC434DBEFA}.Debug|x64.ActiveCfg = Debug|Any CPU
		{9C14F45F-AAEE-4C5D-8289-70DC434DBEFA}.Debug|x64.Build.0 = Debug|Any CPU
		{9C14F45F-AAEE-4C5D-8289-70DC434DBEFA}.Debug|x86.ActiveCfg = Debug|Any CPU
		{9C14F45F-AAEE-4C5D-8289-70DC434DBEFA}.Debug|x86.Build.0 = Debug|Any CPU
		{9C14F45F-AAEE-4C5D-8289-70DC434DBEFA}.Release|Any CPU.ActiveCfg = Release|Any CPU
		{9C14F45F-AAEE-4C5D-8289-70DC434DBEFA}.Release|Any CPU.Build.0 = Release|Any CPU
		{9C14F45F-AAEE-4C5D-8289-70DC434DBEFA}.Release|x64.ActiveCfg = Release|Any CPU
		{9C14F45F-AAEE-4C5D-8289-70DC434DBEFA}.Release|x64.Build.0 = Release|Any CPU
		{9C14F45F-AAEE-4C5D-8289-70DC434DBEFA}.Release|x86.ActiveCfg = Release|Any CPU
		{9C14F45F-AAEE-4C5D-8289-70DC434DBEFA}.Release|x86.Build.0 = Release|Any CPU
		{A537CDD0-C08F-4D9D-A5A7-587E0E034AD2}.Debug|Any CPU.ActiveCfg = Debug|Any CPU
		{A537CDD0-C08F-4D9D-A5A7-587E0E034AD2}.Debug|Any CPU.Build.0 = Debug|Any CPU
		{A537CDD0-C08F-4D9D-A5A7-587E0E034AD2}.Debug|x64.ActiveCfg = Debug|Any CPU
		{A537CDD0-C08F-4D9D-A5A7-587E0E034AD2}.Debug|x64.Build.0 = Debug|Any CPU
		{A537CDD0-C08F-4D9D-A5A7-587E0E034AD2}.Debug|x86.ActiveCfg = Debug|Any CPU
		{A537CDD0-C08F-4D9D-A5A7-587E0E034AD2}.Debug|x86.Build.0 = Debug|Any CPU
		{A537CDD0-C08F-4D9D-A5A7-587E0E034AD2}.Release|Any CPU.ActiveCfg = Release|Any CPU
		{A537CDD0-C08F-4D9D-A5A7-587E0E034AD2}.Release|Any CPU.Build.0 = Release|Any CPU
		{A537CDD0-C08F-4D9D-A5A7-587E0E034AD2}.Release|x64.ActiveCfg = Release|Any CPU
		{A537CDD0-C08F-4D9D-A5A7-587E0E034AD2}.Release|x64.Build.0 = Release|Any CPU
		{A537CDD0-C08F-4D9D-A5A7-587E0E034AD2}.Release|x86.ActiveCfg = Release|Any CPU
		{A537CDD0-C08F-4D9D-A5A7-587E0E034AD2}.Release|x86.Build.0 = Release|Any CPU
		{1394CFD7-D353-4B2F-B409-365E1AD0A2CD}.Debug|Any CPU.ActiveCfg = Debug|Any CPU
		{1394CFD7-D353-4B2F-B409-365E1AD0A2CD}.Debug|Any CPU.Build.0 = Debug|Any CPU
		{1394CFD7-D353-4B2F-B409-365E1AD0A2CD}.Debug|x64.ActiveCfg = Debug|Any CPU
		{1394CFD7-D353-4B2F-B409-365E1AD0A2CD}.Debug|x64.Build.0 = Debug|Any CPU
		{1394CFD7-D353-4B2F-B409-365E1AD0A2CD}.Debug|x86.ActiveCfg = Debug|Any CPU
		{1394CFD7-D353-4B2F-B409-365E1AD0A2CD}.Debug|x86.Build.0 = Debug|Any CPU
		{1394CFD7-D353-4B2F-B409-365E1AD0A2CD}.Release|Any CPU.ActiveCfg = Release|Any CPU
		{1394CFD7-D353-4B2F-B409-365E1AD0A2CD}.Release|Any CPU.Build.0 = Release|Any CPU
		{1394CFD7-D353-4B2F-B409-365E1AD0A2CD}.Release|x64.ActiveCfg = Release|Any CPU
		{1394CFD7-D353-4B2F-B409-365E1AD0A2CD}.Release|x64.Build.0 = Release|Any CPU
		{1394CFD7-D353-4B2F-B409-365E1AD0A2CD}.Release|x86.ActiveCfg = Release|Any CPU
		{1394CFD7-D353-4B2F-B409-365E1AD0A2CD}.Release|x86.Build.0 = Release|Any CPU
		{D8218170-50D5-4F76-BB95-E9014B62A7B2}.Debug|Any CPU.ActiveCfg = Debug|Any CPU
		{D8218170-50D5-4F76-BB95-E9014B62A7B2}.Debug|Any CPU.Build.0 = Debug|Any CPU
		{D8218170-50D5-4F76-BB95-E9014B62A7B2}.Debug|x64.ActiveCfg = Debug|Any CPU
		{D8218170-50D5-4F76-BB95-E9014B62A7B2}.Debug|x64.Build.0 = Debug|Any CPU
		{D8218170-50D5-4F76-BB95-E9014B62A7B2}.Debug|x86.ActiveCfg = Debug|Any CPU
		{D8218170-50D5-4F76-BB95-E9014B62A7B2}.Debug|x86.Build.0 = Debug|Any CPU
		{D8218170-50D5-4F76-BB95-E9014B62A7B2}.Release|Any CPU.ActiveCfg = Release|Any CPU
		{D8218170-50D5-4F76-BB95-E9014B62A7B2}.Release|Any CPU.Build.0 = Release|Any CPU
		{D8218170-50D5-4F76-BB95-E9014B62A7B2}.Release|x64.ActiveCfg = Release|Any CPU
		{D8218170-50D5-4F76-BB95-E9014B62A7B2}.Release|x64.Build.0 = Release|Any CPU
		{D8218170-50D5-4F76-BB95-E9014B62A7B2}.Release|x86.ActiveCfg = Release|Any CPU
		{D8218170-50D5-4F76-BB95-E9014B62A7B2}.Release|x86.Build.0 = Release|Any CPU
		{A993E683-A401-4187-B817-7E5EA187D19B}.Debug|Any CPU.ActiveCfg = Debug|Any CPU
		{A993E683-A401-4187-B817-7E5EA187D19B}.Debug|Any CPU.Build.0 = Debug|Any CPU
		{A993E683-A401-4187-B817-7E5EA187D19B}.Debug|x64.ActiveCfg = Debug|Any CPU
		{A993E683-A401-4187-B817-7E5EA187D19B}.Debug|x64.Build.0 = Debug|Any CPU
		{A993E683-A401-4187-B817-7E5EA187D19B}.Debug|x86.ActiveCfg = Debug|Any CPU
		{A993E683-A401-4187-B817-7E5EA187D19B}.Debug|x86.Build.0 = Debug|Any CPU
		{A993E683-A401-4187-B817-7E5EA187D19B}.Release|Any CPU.ActiveCfg = Release|Any CPU
		{A993E683-A401-4187-B817-7E5EA187D19B}.Release|Any CPU.Build.0 = Release|Any CPU
		{A993E683-A401-4187-B817-7E5EA187D19B}.Release|x64.ActiveCfg = Release|Any CPU
		{A993E683-A401-4187-B817-7E5EA187D19B}.Release|x64.Build.0 = Release|Any CPU
		{A993E683-A401-4187-B817-7E5EA187D19B}.Release|x86.ActiveCfg = Release|Any CPU
		{A993E683-A401-4187-B817-7E5EA187D19B}.Release|x86.Build.0 = Release|Any CPU
		{4876BF38-101C-45E3-8F59-6A20E06C854B}.Debug|Any CPU.ActiveCfg = Debug|Any CPU
		{4876BF38-101C-45E3-8F59-6A20E06C854B}.Debug|Any CPU.Build.0 = Debug|Any CPU
		{4876BF38-101C-45E3-8F59-6A20E06C854B}.Debug|x64.ActiveCfg = Debug|Any CPU
		{4876BF38-101C-45E3-8F59-6A20E06C854B}.Debug|x64.Build.0 = Debug|Any CPU
		{4876BF38-101C-45E3-8F59-6A20E06C854B}.Debug|x86.ActiveCfg = Debug|Any CPU
		{4876BF38-101C-45E3-8F59-6A20E06C854B}.Debug|x86.Build.0 = Debug|Any CPU
		{4876BF38-101C-45E3-8F59-6A20E06C854B}.Release|Any CPU.ActiveCfg = Release|Any CPU
		{4876BF38-101C-45E3-8F59-6A20E06C854B}.Release|Any CPU.Build.0 = Release|Any CPU
		{4876BF38-101C-45E3-8F59-6A20E06C854B}.Release|x64.ActiveCfg = Release|Any CPU
		{4876BF38-101C-45E3-8F59-6A20E06C854B}.Release|x64.Build.0 = Release|Any CPU
		{4876BF38-101C-45E3-8F59-6A20E06C854B}.Release|x86.ActiveCfg = Release|Any CPU
		{4876BF38-101C-45E3-8F59-6A20E06C854B}.Release|x86.Build.0 = Release|Any CPU
		{5F2BE98A-4786-4D66-8758-9681AF3EF4EB}.Debug|Any CPU.ActiveCfg = Debug|Any CPU
		{5F2BE98A-4786-4D66-8758-9681AF3EF4EB}.Debug|Any CPU.Build.0 = Debug|Any CPU
		{5F2BE98A-4786-4D66-8758-9681AF3EF4EB}.Debug|x64.ActiveCfg = Debug|Any CPU
		{5F2BE98A-4786-4D66-8758-9681AF3EF4EB}.Debug|x64.Build.0 = Debug|Any CPU
		{5F2BE98A-4786-4D66-8758-9681AF3EF4EB}.Debug|x86.ActiveCfg = Debug|Any CPU
		{5F2BE98A-4786-4D66-8758-9681AF3EF4EB}.Debug|x86.Build.0 = Debug|Any CPU
		{5F2BE98A-4786-4D66-8758-9681AF3EF4EB}.Release|Any CPU.ActiveCfg = Release|Any CPU
		{5F2BE98A-4786-4D66-8758-9681AF3EF4EB}.Release|Any CPU.Build.0 = Release|Any CPU
		{5F2BE98A-4786-4D66-8758-9681AF3EF4EB}.Release|x64.ActiveCfg = Release|Any CPU
		{5F2BE98A-4786-4D66-8758-9681AF3EF4EB}.Release|x64.Build.0 = Release|Any CPU
		{5F2BE98A-4786-4D66-8758-9681AF3EF4EB}.Release|x86.ActiveCfg = Release|Any CPU
		{5F2BE98A-4786-4D66-8758-9681AF3EF4EB}.Release|x86.Build.0 = Release|Any CPU
		{C07055E8-AEA5-4CD7-BB2E-59AC84515B07}.Debug|Any CPU.ActiveCfg = Debug|Any CPU
		{C07055E8-AEA5-4CD7-BB2E-59AC84515B07}.Debug|Any CPU.Build.0 = Debug|Any CPU
		{C07055E8-AEA5-4CD7-BB2E-59AC84515B07}.Debug|x64.ActiveCfg = Debug|Any CPU
		{C07055E8-AEA5-4CD7-BB2E-59AC84515B07}.Debug|x64.Build.0 = Debug|Any CPU
		{C07055E8-AEA5-4CD7-BB2E-59AC84515B07}.Debug|x86.ActiveCfg = Debug|Any CPU
		{C07055E8-AEA5-4CD7-BB2E-59AC84515B07}.Debug|x86.Build.0 = Debug|Any CPU
		{C07055E8-AEA5-4CD7-BB2E-59AC84515B07}.Release|Any CPU.ActiveCfg = Release|Any CPU
		{C07055E8-AEA5-4CD7-BB2E-59AC84515B07}.Release|Any CPU.Build.0 = Release|Any CPU
		{C07055E8-AEA5-4CD7-BB2E-59AC84515B07}.Release|x64.ActiveCfg = Release|Any CPU
		{C07055E8-AEA5-4CD7-BB2E-59AC84515B07}.Release|x64.Build.0 = Release|Any CPU
		{C07055E8-AEA5-4CD7-BB2E-59AC84515B07}.Release|x86.ActiveCfg = Release|Any CPU
		{C07055E8-AEA5-4CD7-BB2E-59AC84515B07}.Release|x86.Build.0 = Release|Any CPU
		{6383D618-AC87-48D4-B373-756C3D3ECBF6}.Debug|Any CPU.ActiveCfg = Debug|Any CPU
		{6383D618-AC87-48D4-B373-756C3D3ECBF6}.Debug|Any CPU.Build.0 = Debug|Any CPU
		{6383D618-AC87-48D4-B373-756C3D3ECBF6}.Debug|x64.ActiveCfg = Debug|Any CPU
		{6383D618-AC87-48D4-B373-756C3D3ECBF6}.Debug|x64.Build.0 = Debug|Any CPU
		{6383D618-AC87-48D4-B373-756C3D3ECBF6}.Debug|x86.ActiveCfg = Debug|Any CPU
		{6383D618-AC87-48D4-B373-756C3D3ECBF6}.Debug|x86.Build.0 = Debug|Any CPU
		{6383D618-AC87-48D4-B373-756C3D3ECBF6}.Release|Any CPU.ActiveCfg = Release|Any CPU
		{6383D618-AC87-48D4-B373-756C3D3ECBF6}.Release|Any CPU.Build.0 = Release|Any CPU
		{6383D618-AC87-48D4-B373-756C3D3ECBF6}.Release|x64.ActiveCfg = Release|Any CPU
		{6383D618-AC87-48D4-B373-756C3D3ECBF6}.Release|x64.Build.0 = Release|Any CPU
		{6383D618-AC87-48D4-B373-756C3D3ECBF6}.Release|x86.ActiveCfg = Release|Any CPU
		{6383D618-AC87-48D4-B373-756C3D3ECBF6}.Release|x86.Build.0 = Release|Any CPU
		{05DA1126-6F4F-4EC0-AEB7-03AB0996A3D0}.Debug|Any CPU.ActiveCfg = Debug|Any CPU
		{05DA1126-6F4F-4EC0-AEB7-03AB0996A3D0}.Debug|Any CPU.Build.0 = Debug|Any CPU
		{05DA1126-6F4F-4EC0-AEB7-03AB0996A3D0}.Debug|x64.ActiveCfg = Debug|Any CPU
		{05DA1126-6F4F-4EC0-AEB7-03AB0996A3D0}.Debug|x64.Build.0 = Debug|Any CPU
		{05DA1126-6F4F-4EC0-AEB7-03AB0996A3D0}.Debug|x86.ActiveCfg = Debug|Any CPU
		{05DA1126-6F4F-4EC0-AEB7-03AB0996A3D0}.Debug|x86.Build.0 = Debug|Any CPU
		{05DA1126-6F4F-4EC0-AEB7-03AB0996A3D0}.Release|Any CPU.ActiveCfg = Release|Any CPU
		{05DA1126-6F4F-4EC0-AEB7-03AB0996A3D0}.Release|Any CPU.Build.0 = Release|Any CPU
		{05DA1126-6F4F-4EC0-AEB7-03AB0996A3D0}.Release|x64.ActiveCfg = Release|Any CPU
		{05DA1126-6F4F-4EC0-AEB7-03AB0996A3D0}.Release|x64.Build.0 = Release|Any CPU
		{05DA1126-6F4F-4EC0-AEB7-03AB0996A3D0}.Release|x86.ActiveCfg = Release|Any CPU
		{05DA1126-6F4F-4EC0-AEB7-03AB0996A3D0}.Release|x86.Build.0 = Release|Any CPU
		{A1C0B420-5F37-4E93-8A2E-3FC0D43D9671}.Debug|Any CPU.ActiveCfg = Debug|Any CPU
		{A1C0B420-5F37-4E93-8A2E-3FC0D43D9671}.Debug|Any CPU.Build.0 = Debug|Any CPU
		{A1C0B420-5F37-4E93-8A2E-3FC0D43D9671}.Debug|x64.ActiveCfg = Debug|Any CPU
		{A1C0B420-5F37-4E93-8A2E-3FC0D43D9671}.Debug|x64.Build.0 = Debug|Any CPU
		{A1C0B420-5F37-4E93-8A2E-3FC0D43D9671}.Debug|x86.ActiveCfg = Debug|Any CPU
		{A1C0B420-5F37-4E93-8A2E-3FC0D43D9671}.Debug|x86.Build.0 = Debug|Any CPU
		{A1C0B420-5F37-4E93-8A2E-3FC0D43D9671}.Release|Any CPU.ActiveCfg = Release|Any CPU
		{A1C0B420-5F37-4E93-8A2E-3FC0D43D9671}.Release|Any CPU.Build.0 = Release|Any CPU
		{A1C0B420-5F37-4E93-8A2E-3FC0D43D9671}.Release|x64.ActiveCfg = Release|Any CPU
		{A1C0B420-5F37-4E93-8A2E-3FC0D43D9671}.Release|x64.Build.0 = Release|Any CPU
		{A1C0B420-5F37-4E93-8A2E-3FC0D43D9671}.Release|x86.ActiveCfg = Release|Any CPU
		{A1C0B420-5F37-4E93-8A2E-3FC0D43D9671}.Release|x86.Build.0 = Release|Any CPU
		{7E4B2A11-93D8-4C61-BB7C-12E0F45A8D29}.Debug|Any CPU.ActiveCfg = Debug|Any CPU
		{7E4B2A11-93D8-4C61-BB7C-12E0F45A8D29}.Debug|Any CPU.Build.0 = Debug|Any CPU
		{7E4B2A11-93D8-4C61-BB7C-12E0F45A8D29}.Debug|x64.ActiveCfg = Debug|Any CPU
		{7E4B2A11-93D8-4C61-BB7C-12E0F45A8D29}.Debug|x64.Build.0 = Debug|Any CPU
		{7E4B2A11-93D8-4C61-BB7C-12E0F45A8D29}.Debug|x86.ActiveCfg = Debug|Any CPU
		{7E4B2A11-93D8-4C61-BB7C-12E0F45A8D29}.Debug|x86.Build.0 = Debug|Any CPU
		{7E4B2A11-93D8-4C61-BB7C-12E0F45A8D29}.Release|Any CPU.ActiveCfg = Release|Any CPU
		{7E4B2A11-93D8-4C61-BB7C-12E0F45A8D29}.Release|Any CPU.Build.0 = Release|Any CPU
		{7E4B2A11-93D8-4C61-BB7C-12E0F45A8D29}.Release|x64.ActiveCfg = Release|Any CPU
		{7E4B2A11-93D8-4C61-BB7C-12E0F45A8D29}.Release|x64.Build.0 = Release|Any CPU
		{7E4B2A11-93D8-4C61-BB7C-12E0F45A8D29}.Release|x86.ActiveCfg = Release|Any CPU
		{7E4B2A11-93D8-4C61-BB7C-12E0F45A8D29}.Release|x86.Build.0 = Release|Any CPU
	EndGlobalSection
	GlobalSection(SolutionProperties) = preSolution
		HideSolutionNode = FALSE
	EndGlobalSection
	GlobalSection(NestedProjects) = preSolution
		{02E7B08A-6891-494D-86B7-7DD3252B84F7} = {827E0CD3-B72D-47B6-A68D-7590B98EB39B}
		{5BC7D8B1-DC41-4880-B2DD-9B9A68D6D379} = {827E0CD3-B72D-47B6-A68D-7590B98EB39B}
		{D0573027-CC79-4A1C-BC40-BCF3E708282D} = {827E0CD3-B72D-47B6-A68D-7590B98EB39B}
		{BB236675-E77B-4D1C-B602-91C3FCDFB085} = {827E0CD3-B72D-47B6-A68D-7590B98EB39B}
		{DBA91615-0D4A-470D-B384-95EA05EE336B} = {827E0CD3-B72D-47B6-A68D-7590B98EB39B}
		{8CB7D456-481D-41CE-B2D0-2E36314DB0E9} = {827E0CD3-B72D-47B6-A68D-7590B98EB39B}
		{89C1194B-A252-4434-A866-7CE28FDD6828} = {827E0CD3-B72D-47B6-A68D-7590B98EB39B}
		{79049F7D-E2E1-499E-B0A7-A13512BFF246} = {827E0CD3-B72D-47B6-A68D-7590B98EB39B}
		{B32E7809-744B-4077-951F-785CA1121B80} = {827E0CD3-B72D-47B6-A68D-7590B98EB39B}
		{14DE1E26-B2E2-4420-8250-A7175A32AF5D} = {827E0CD3-B72D-47B6-A68D-7590B98EB39B}
		{E7FD5A9F-00F2-42FA-9822-ED4790C108BB} = {827E0CD3-B72D-47B6-A68D-7590B98EB39B}
		{46C14AC9-ABF0-471E-A1EB-37ACE38FF6CC} = {827E0CD3-B72D-47B6-A68D-7590B98EB39B}
		{E0B79C09-D3E5-4A9D-9B18-3B46B313DF79} = {0AB3BF05-4346-4AA6-1389-037BE0695223}
		{9C14F45F-AAEE-4C5D-8289-70DC434DBEFA} = {0AB3BF05-4346-4AA6-1389-037BE0695223}
		{A537CDD0-C08F-4D9D-A5A7-587E0E034AD2} = {0AB3BF05-4346-4AA6-1389-037BE0695223}
		{1394CFD7-D353-4B2F-B409-365E1AD0A2CD} = {0AB3BF05-4346-4AA6-1389-037BE0695223}
		{D8218170-50D5-4F76-BB95-E9014B62A7B2} = {0AB3BF05-4346-4AA6-1389-037BE0695223}
		{A993E683-A401-4187-B817-7E5EA187D19B} = {827E0CD3-B72D-47B6-A68D-7590B98EB39B}
		{4876BF38-101C-45E3-8F59-6A20E06C854B} = {0AB3BF05-4346-4AA6-1389-037BE0695223}
		{5F2BE98A-4786-4D66-8758-9681AF3EF4EB} = {0AB3BF05-4346-4AA6-1389-037BE0695223}
		{C07055E8-AEA5-4CD7-BB2E-59AC84515B07} = {0AB3BF05-4346-4AA6-1389-037BE0695223}
		{6383D618-AC87-48D4-B373-756C3D3ECBF6} = {0AB3BF05-4346-4AA6-1389-037BE0695223}
		{05DA1126-6F4F-4EC0-AEB7-03AB0996A3D0} = {0AB3BF05-4346-4AA6-1389-037BE0695223}
		{A1C0B420-5F37-4E93-8A2E-3FC0D43D9671} = {0AB3BF05-4346-4AA6-1389-037BE0695223}
		{7E4B2A11-93D8-4C61-BB7C-12E0F45A8D29} = {0AB3BF05-4346-4AA6-1389-037BE0695223}
	EndGlobalSection
EndGlobal
