{
  "version": 1,
  "dependencies": {
    "net10.0": {
      "BCnEncoder.Net": {
        "type": "Direct",
        "requested": "[2.3.0, )",
        "resolved": "2.3.0",
        "contentHash": "DJhHJiBJKXUXxlkkrv74ckzJb3wYxqIAZHjXD9G76kpsD0YyJOmqtNufHWEuJe0eH0tB1tCZn80/3JV2UVP7yQ==",
        "dependencies": {
          "CommunityToolkit.HighPerformance": "8.4.0"
        }
      },
      "CommunityToolkit.HighPerformance": {
        "type": "Transitive",
        "resolved": "8.4.0",
        "contentHash": "flxspiBs0G/0GMp7IK2J2ijV9bTG6hEwFc/z6ekHqB6nwRJ4Ry2yLdx+TkbCUYFCl4XhABkAwomeKbT6zM2Zlg=="
      },
      "npcmanager.application": {
        "type": "Project",
        "dependencies": {
          "NpcManager.Domain": "[1.0.0, )"
        }
      },
      "npcmanager.domain": {
        "type": "Project"
      }
    },
    "net10.0/win-x64": {}
  }
}